
Microsoft Visual Studio Solution File, Format Version 12.00
# Visual Studio Version 16
VisualStudioVersion = 16.0.30413.136
MinimumVisualStudioVersion = 10.0.40219.1
Project("{FAE04EC0-301F-11D3-BF4B-00C04F79EFBC}") = "WebBrowser.UI", "WebBrowser.UI\WebBrowser.UI.csproj", "{8049E5BD-F0C9-4030-8BE1-B1D0CD1E5AF9}"
EndProject
Project("{FAE04EC0-301F-11D3-BF4B-00C04F79EFBC}") = "WebBrowser.Logic", "WebBrowser.Logic\WebBrowser.Logic.csproj", "{91B91ADE-F5B7-4872-9678-E324F6E2A80F}"
EndProject
Global
	GlobalSection(SolutionConfigurationPlatforms) = preSolution
		Debug|Any CPU = Debug|Any CPU
		Release|Any CPU = Release|Any CPU
	EndGlobalSection
	GlobalSection(ProjectConfigurationPlatforms) = postSolution
		{8049E5BD-F0C9-4030-8BE1-B1D0CD1E5AF9}.Debug|Any CPU.ActiveCfg = Debug|Any CPU
		{8049E5BD-F0C9-4030-8BE1-B1D0CD1E5AF9}.Debug|Any CPU.Build.0 = Debug|Any CPU
		{8049E5BD-F0C9-4030-8BE1-B1D0CD1E5AF9}.Release|Any CPU.ActiveCfg = Release|Any CPU
		{8049E5BD-F0C9-4030-8BE1-B1D0CD1E5AF9}.Release|Any CPU.Build.0 = Release|Any CPU
		{91B91ADE-F5B7-4872-9678-E324F6E2A80F}.Debug|Any CPU.ActiveCfg = Debug|Any CPU
		{91B91ADE-F5B7-4872-9678-E324F6E2A80F}.Debug|Any CPU.Build.0 = Debug|Any CPU
		{91B91ADE-F5B7-4872-9678-E324F6E2A80F}.Release|Any CPU.ActiveCfg = Release|Any CPU
		{91B91ADE-F5B7-4872-9678-E324F6E2A80F}.Release|Any CPU.Build.0 = Release|Any CPU
	EndGlobalSection
	GlobalSection(SolutionProperties) = preSolution
		HideSolutionNode = FALSE
	EndGlobalSection
	GlobalSection(ExtensibilityGlobals) = postSolution
		SolutionGuid = {282F5593-160F-472A-8060-129DF79F903D}
	EndGlobalSection
EndGlobal
